
Microsoft Visual Studio Solution File, Format Version 12.00
# Visual Studio 15
VisualStudioVersion = 15.0.27130.2010
MinimumVisualStudioVersion = 10.0.40219.1
Project("{9A19103F-16F7-4668-BE54-9A1E7A4F7556}") = "Backend", "Backend\Backend.csproj", "{D1BADA67-9CFE-4397-ADA6-1578E00E8D51}"
EndProject
Project("{9A19103F-16F7-4668-BE54-9A1E7A4F7556}") = "Backend.Database", "Backend.Database\Backend.Database.csproj", "{CED4D876-36EB-4996-A6EC-F69510E28B44}"
EndProject
Project("{9A19103F-16F7-4668-BE54-9A1E7A4F7556}") = "Backend.Core", "Backend.Core\Backend.Core.csproj", "{089FB109-8A8B-4399-A0FC-B7E56553F505}"
EndProject
Global
	GlobalSection(SolutionConfigurationPlatforms) = preSolution
		Debug|Any CPU = Debug|Any CPU
		Release|Any CPU = Release|Any CPU
	EndGlobalSection
	GlobalSection(ProjectConfigurationPlatforms) = postSolution
		{D1BADA67-9CFE-4397-ADA6-1578E00E8D51}.Debug|Any CPU.ActiveCfg = Debug|Any CPU
		{D1BADA67-9CFE-4397-ADA6-1578E00E8D51}.Debug|Any CPU.Build.0 = Debug|Any CPU
		{D1BADA67-9CFE-4397-ADA6-1578E00E8D51}.Release|Any CPU.ActiveCfg = Release|Any CPU
		{D1BADA67-9CFE-4397-ADA6-1578E00E8D51}.Release|Any CPU.Build.0 = Release|Any CPU
		{CED4D876-36EB-4996-A6EC-F69510E28B44}.Debug|Any CPU.ActiveCfg = Debug|Any CPU
		{CED4D876-36EB-4996-A6EC-F69510E28B44}.Debug|Any CPU.Build.0 = Debug|Any CPU
		{CED4D876-36EB-4996-A6EC-F69510E28B44}.Release|Any CPU.ActiveCfg = Release|Any CPU
		{CED4D876-36EB-4996-A6EC-F69510E28B44}.Release|Any CPU.Build.0 = Release|Any CPU
		{089FB109-8A8B-4399-A0FC-B7E56553F505}.Debug|Any CPU.ActiveCfg = Debug|Any CPU
		{089FB109-8A8B-4399-A0FC-B7E56553F505}.Debug|Any CPU.Build.0 = Debug|Any CPU
		{089FB109-8A8B-4399-A0FC-B7E56553F505}.Release|Any CPU.ActiveCfg = Release|Any CPU
		{089FB109-8A8B-4399-A0FC-B7E56553F505}.Release|Any CPU.Build.0 = Release|Any CPU
	EndGlobalSection
	GlobalSection(SolutionProperties) = preSolution
		HideSolutionNode = FALSE
	EndGlobalSection
	GlobalSection(ExtensibilityGlobals) = postSolution
		SolutionGuid = {0A6025DE-46F0-495A-9239-190468E60BBE}
	EndGlobalSection
EndGlobal
